
Microsoft Visual Studio Solution File, Format Version 12.00
# Visual Studio Version 16
VisualStudioVersion = 16.0.29020.237
MinimumVisualStudioVersion = 10.0.40219.1
Project("{FAE04EC0-301F-11D3-BF4B-00C04F79EFBC}") = "System.Extensions", "System.Extensions\System.Extensions.csproj", "{0780F403-8C4C-4AC1-80E8-211E67B20E03}"
EndProject
Project("{FAE04EC0-301F-11D3-BF4B-00C04F79EFBC}") = "Xamarin.Forms.Extensions", "Xamarin.Forms.Extensions\Xamarin.Forms.Extensions.csproj", "{D6FD06FC-F3C8-49B0-8E72-EE7FC1AF546E}"
EndProject
Global
	GlobalSection(SolutionConfigurationPlatforms) = preSolution
		Debug|Any CPU = Debug|Any CPU
		Release|Any CPU = Release|Any CPU
	EndGlobalSection
	GlobalSection(ProjectConfigurationPlatforms) = postSolution
		{0780F403-8C4C-4AC1-80E8-211E67B20E03}.Debug|Any CPU.ActiveCfg = Debug|Any CPU
		{0780F403-8C4C-4AC1-80E8-211E67B20E03}.Debug|Any CPU.Build.0 = Debug|Any CPU
		{0780F403-8C4C-4AC1-80E8-211E67B20E03}.Release|Any CPU.ActiveCfg = Release|Any CPU
		{0780F403-8C4C-4AC1-80E8-211E67B20E03}.Release|Any CPU.Build.0 = Release|Any CPU
		{D6FD06FC-F3C8-49B0-8E72-EE7FC1AF546E}.Debug|Any CPU.ActiveCfg = Debug|Any CPU
		{D6FD06FC-F3C8-49B0-8E72-EE7FC1AF546E}.Debug|Any CPU.Build.0 = Debug|Any CPU
		{D6FD06FC-F3C8-49B0-8E72-EE7FC1AF546E}.Release|Any CPU.ActiveCfg = Release|Any CPU
		{D6FD06FC-F3C8-49B0-8E72-EE7FC1AF546E}.Release|Any CPU.Build.0 = Release|Any CPU
	EndGlobalSection
	GlobalSection(SolutionProperties) = preSolution
		HideSolutionNode = FALSE
	EndGlobalSection
	GlobalSection(ExtensibilityGlobals) = postSolution
		SolutionGuid = {DBF70BF1-0F25-4C98-BBF9-7F558A39EE2D}
	EndGlobalSection
EndGlobal
